
Microsoft Visual Studio Solution File, Format Version 12.00
# Visual Studio 14
VisualStudioVersion = 14.0.25420.1
MinimumVisualStudioVersion = 10.0.40219.1
Project("{FAE04EC0-301F-11D3-BF4B-00C04F79EFBC}") = "Common", "Common\Common.csproj", "{50A0DC05-47BD-455A-B32E-CA2C9FC924FB}"
EndProject
Project("{FAE04EC0-301F-11D3-BF4B-00C04F79EFBC}") = "Demo", "Demo\Demo.csproj", "{0EDE8497-E84B-4175-B3C7-14CBD3261CA0}"
EndProject
Project("{FAE04EC0-301F-11D3-BF4B-00C04F79EFBC}") = "CL1_M1", "CL1_M1\CL1_M1.csproj", "{423B1ADE-7AC2-4FEB-8725-E700F149C197}"
EndProject
Project("{FAE04EC0-301F-11D3-BF4B-00C04F79EFBC}") = "Factory", "Factory\Factory.csproj", "{63AF9FF4-E7F0-4137-BD01-AE5792ACF2BB}"
EndProject
Project("{FAE04EC0-301F-11D3-BF4B-00C04F79EFBC}") = "CL1_M2", "CL1_M2\CL1_M2.csproj", "{C9891968-5BF0-4BEA-9289-234E0131BAD5}"
EndProject
Project("{FAE04EC0-301F-11D3-BF4B-00C04F79EFBC}") = "CL1_M3", "CL1_M3\CL1_M3.csproj", "{D12F85D3-4C9B-48D4-8C6B-A07426DA75AD}"
EndProject
Project("{FAE04EC0-301F-11D3-BF4B-00C04F79EFBC}") = "CL1_M4", "CL1_M4\CL1_M4.csproj", "{B197EF59-D8B1-4194-966E-04F3987031AE}"
EndProject
Project("{FAE04EC0-301F-11D3-BF4B-00C04F79EFBC}") = "CL1_M5", "CL1_M5\CL1_M5.csproj", "{F31E2CEF-78BB-40BE-BBFE-D47B3F20BCE4}"
EndProject
Project("{FAE04EC0-301F-11D3-BF4B-00C04F79EFBC}") = "CL1_M6", "CL1_M6\CL1_M6.csproj", "{9D7C1725-3614-4955-B2F5-6E74917BD43A}"
EndProject
Project("{FAE04EC0-301F-11D3-BF4B-00C04F79EFBC}") = "CL2_M7", "CL2_M7\CL2_M7.csproj", "{85E3AA7A-F412-4884-8C06-F4DBFCD55153}"
EndProject
Project("{FAE04EC0-301F-11D3-BF4B-00C04F79EFBC}") = "CL2_M8", "CL2_M8\CL2_M8.csproj", "{6A1ABAF3-35F6-42C2-80D5-50B2E709B22A}"
EndProject
Project("{FAE04EC0-301F-11D3-BF4B-00C04F79EFBC}") = "CL2_M9", "CL2_M9\CL2_M9.csproj", "{3BCC75D1-860E-4FC9-8940-52AF25B62491}"
EndProject
Global
	GlobalSection(SolutionConfigurationPlatforms) = preSolution
		Debug|Any CPU = Debug|Any CPU
		Release|Any CPU = Release|Any CPU
	EndGlobalSection
	GlobalSection(ProjectConfigurationPlatforms) = postSolution
		{50A0DC05-47BD-455A-B32E-CA2C9FC924FB}.Debug|Any CPU.ActiveCfg = Debug|Any CPU
		{50A0DC05-47BD-455A-B32E-CA2C9FC924FB}.Debug|Any CPU.Build.0 = Debug|Any CPU
		{50A0DC05-47BD-455A-B32E-CA2C9FC924FB}.Release|Any CPU.ActiveCfg = Release|Any CPU
		{50A0DC05-47BD-455A-B32E-CA2C9FC924FB}.Release|Any CPU.Build.0 = Release|Any CPU
		{0EDE8497-E84B-4175-B3C7-14CBD3261CA0}.Debug|Any CPU.ActiveCfg = Debug|Any CPU
		{0EDE8497-E84B-4175-B3C7-14CBD3261CA0}.Debug|Any CPU.Build.0 = Debug|Any CPU
		{0EDE8497-E84B-4175-B3C7-14CBD3261CA0}.Release|Any CPU.ActiveCfg = Release|Any CPU
		{0EDE8497-E84B-4175-B3C7-14CBD3261CA0}.Release|Any CPU.Build.0 = Release|Any CPU
		{423B1ADE-7AC2-4FEB-8725-E700F149C197}.Debug|Any CPU.ActiveCfg = Debug|Any CPU
		{423B1ADE-7AC2-4FEB-8725-E700F149C197}.Debug|Any CPU.Build.0 = Debug|Any CPU
		{423B1ADE-7AC2-4FEB-8725-E700F149C197}.Release|Any CPU.ActiveCfg = Release|Any CPU
		{423B1ADE-7AC2-4FEB-8725-E700F149C197}.Release|Any CPU.Build.0 = Release|Any CPU
		{63AF9FF4-E7F0-4137-BD01-AE5792ACF2BB}.Debug|Any CPU.ActiveCfg = Debug|Any CPU
		{63AF9FF4-E7F0-4137-BD01-AE5792ACF2BB}.Debug|Any CPU.Build.0 = Debug|Any CPU
		{63AF9FF4-E7F0-4137-BD01-AE5792ACF2BB}.Release|Any CPU.ActiveCfg = Release|Any CPU
		{63AF9FF4-E7F0-4137-BD01-AE5792ACF2BB}.Release|Any CPU.Build.0 = Release|Any CPU
		{C9891968-5BF0-4BEA-9289-234E0131BAD5}.Debug|Any CPU.ActiveCfg = Debug|Any CPU
		{C9891968-5BF0-4BEA-9289-234E0131BAD5}.Debug|Any CPU.Build.0 = Debug|Any CPU
		{C9891968-5BF0-4BEA-9289-234E0131BAD5}.Release|Any CPU.ActiveCfg = Release|Any CPU
		{C9891968-5BF0-4BEA-9289-234E0131BAD5}.Release|Any CPU.Build.0 = Release|Any CPU
		{D12F85D3-4C9B-48D4-8C6B-A07426DA75AD}.Debug|Any CPU.ActiveCfg = Debug|Any CPU
		{D12F85D3-4C9B-48D4-8C6B-A07426DA75AD}.Debug|Any CPU.Build.0 = Debug|Any CPU
		{D12F85D3-4C9B-48D4-8C6B-A07426DA75AD}.Release|Any CPU.ActiveCfg = Release|Any CPU
		{D12F85D3-4C9B-48D4-8C6B-A07426DA75AD}.Release|Any CPU.Build.0 = Release|Any CPU
		{B197EF59-D8B1-4194-966E-04F3987031AE}.Debug|Any CPU.ActiveCfg = Debug|Any CPU
		{B197EF59-D8B1-4194-966E-04F3987031AE}.Debug|Any CPU.Build.0 = Debug|Any CPU
		{B197EF59-D8B1-4194-966E-04F3987031AE}.Release|Any CPU.ActiveCfg = Release|Any CPU
		{B197EF59-D8B1-4194-966E-04F3987031AE}.Release|Any CPU.Build.0 = Release|Any CPU
		{F31E2CEF-78BB-40BE-BBFE-D47B3F20BCE4}.Debug|Any CPU.ActiveCfg = Debug|Any CPU
		{F31E2CEF-78BB-40BE-BBFE-D47B3F20BCE4}.Debug|Any CPU.Build.0 = Debug|Any CPU
		{F31E2CEF-78BB-40BE-BBFE-D47B3F20BCE4}.Release|Any CPU.ActiveCfg = Release|Any CPU
		{F31E2CEF-78BB-40BE-BBFE-D47B3F20BCE4}.Release|Any CPU.Build.0 = Release|Any CPU
		{9D7C1725-3614-4955-B2F5-6E74917BD43A}.Debug|Any CPU.ActiveCfg = Debug|Any CPU
		{9D7C1725-3614-4955-B2F5-6E74917BD43A}.Debug|Any CPU.Build.0 = Debug|Any CPU
		{9D7C1725-3614-4955-B2F5-6E74917BD43A}.Release|Any CPU.ActiveCfg = Release|Any CPU
		{9D7C1725-3614-4955-B2F5-6E74917BD43A}.Release|Any CPU.Build.0 = Release|Any CPU
		{85E3AA7A-F412-4884-8C06-F4DBFCD55153}.Debug|Any CPU.ActiveCfg = Debug|Any CPU
		{85E3AA7A-F412-4884-8C06-F4DBFCD55153}.Debug|Any CPU.Build.0 = Debug|Any CPU
		{85E3AA7A-F412-4884-8C06-F4DBFCD55153}.Release|Any CPU.ActiveCfg = Release|Any CPU
		{85E3AA7A-F412-4884-8C06-F4DBFCD55153}.Release|Any CPU.Build.0 = Release|Any CPU
		{6A1ABAF3-35F6-42C2-80D5-50B2E709B22A}.Debug|Any CPU.ActiveCfg = Debug|Any CPU
		{6A1ABAF3-35F6-42C2-80D5-50B2E709B22A}.Debug|Any CPU.Build.0 = Debug|Any CPU
		{6A1ABAF3-35F6-42C2-80D5-50B2E709B22A}.Release|Any CPU.ActiveCfg = Release|Any CPU
		{6A1ABAF3-35F6-42C2-80D5-50B2E709B22A}.Release|Any CPU.Build.0 = Release|Any CPU
		{3BCC75D1-860E-4FC9-8940-52AF25B62491}.Debug|Any CPU.ActiveCfg = Debug|Any CPU
		{3BCC75D1-860E-4FC9-8940-52AF25B62491}.Debug|Any CPU.Build.0 = Debug|Any CPU
		{3BCC75D1-860E-4FC9-8940-52AF25B62491}.Release|Any CPU.ActiveCfg = Release|Any CPU
		{3BCC75D1-860E-4FC9-8940-52AF25B62491}.Release|Any CPU.Build.0 = Release|Any CPU
	EndGlobalSection
	GlobalSection(SolutionProperties) = preSolution
		HideSolutionNode = FALSE
	EndGlobalSection
	GlobalSection(ExtensibilityGlobals) = postSolution
		BuildVersion_UseGlobalSettings = False
		BuildVersion_StartDate = 2017/3/6
		BuildVersion_UpdateAssemblyVersion = True
		BuildVersion_UpdateFileVersion = True
		BuildVersion_BuildAction = Both
		BuildVersion_ConfigurationName = 
		BuildVersion_BuildVersioningStyle = None.None.None.None
	EndGlobalSection
EndGlobal
